// !$*UTF8*$!
{
	archiveVersion = 1;
	classes = {
	};
	objectVersion = 46;
	objects = {

/* Begin PBXBuildFile section */
		39C1F0961CC487B800C9764D /* AppDelegate+Alipay.m in Sources */ = {isa = PBXBuildFile; fileRef = 39C1F0951CC487B800C9764D /* AppDelegate+Alipay.m */; };
		8CD108261C74589A00EF988F /* main.m in Sources */ = {isa = PBXBuildFile; fileRef = 8CD108251C74589A00EF988F /* main.m */; };
		8CD108291C74589A00EF988F /* AppDelegate.m in Sources */ = {isa = PBXBuildFile; fileRef = 8CD108281C74589A00EF988F /* AppDelegate.m */; };
		8CD1082C1C74589A00EF988F /* ViewController.m in Sources */ = {isa = PBXBuildFile; fileRef = 8CD1082B1C74589A00EF988F /* ViewController.m */; };
		8CD1082F1C74589A00EF988F /* Main.storyboard in Resources */ = {isa = PBXBuildFile; fileRef = 8CD1082D1C74589A00EF988F /* Main.storyboard */; };
		8CD108321C74589A00EF988F /* AlipayDemo.xcdatamodeld in Sources */ = {isa = PBXBuildFile; fileRef = 8CD108301C74589A00EF988F /* AlipayDemo.xcdatamodeld */; };
		8CD108341C74589A00EF988F /* Assets.xcassets in Resources */ = {isa = PBXBuildFile; fileRef = 8CD108331C74589A00EF988F /* Assets.xcassets */; };
		8CD108371C74589A00EF988F /* LaunchScreen.storyboard in Resources */ = {isa = PBXBuildFile; fileRef = 8CD108351C74589A00EF988F /* LaunchScreen.storyboard */; };
		8CD108421C74589A00EF988F /* AlipayDemoTests.m in Sources */ = {isa = PBXBuildFile; fileRef = 8CD108411C74589A00EF988F /* AlipayDemoTests.m */; };
		8CD1084D1C74589A00EF988F /* AlipayDemoUITests.m in Sources */ = {isa = PBXBuildFile; fileRef = 8CD1084C1C74589A00EF988F /* AlipayDemoUITests.m */; };
		8CDB3FD11C759E190012B7B4 /* AlipayRequestConfig.m in Sources */ = {isa = PBXBuildFile; fileRef = 8CDB3F6B1C759E190012B7B4 /* AlipayRequestConfig.m */; };
		8CDB3FD21C759E190012B7B4 /* Order.m in Sources */ = {isa = PBXBuildFile; fileRef = 8CDB3FB91C759E190012B7B4 /* Order.m */; };
		8CDB3FD31C759E190012B7B4 /* base64.m in Sources */ = {isa = PBXBuildFile; fileRef = 8CDB3FBC1C759E190012B7B4 /* base64.m */; };
		8CDB3FD41C759E190012B7B4 /* DataSigner.m in Sources */ = {isa = PBXBuildFile; fileRef = 8CDB3FBF1C759E190012B7B4 /* DataSigner.m */; };
		8CDB3FD51C759E190012B7B4 /* DataVerifier.m in Sources */ = {isa = PBXBuildFile; fileRef = 8CDB3FC11C759E190012B7B4 /* DataVerifier.m */; };
		8CDB3FD61C759E190012B7B4 /* MD5DataSigner.m in Sources */ = {isa = PBXBuildFile; fileRef = 8CDB3FC31C759E190012B7B4 /* MD5DataSigner.m */; };
		8CDB3FD71C759E190012B7B4 /* NSDataEx.m in Sources */ = {isa = PBXBuildFile; fileRef = 8CDB3FC51C759E190012B7B4 /* NSDataEx.m */; };
		8CDB3FD81C759E190012B7B4 /* openssl_wrapper.m in Sources */ = {isa = PBXBuildFile; fileRef = 8CDB3FC71C759E190012B7B4 /* openssl_wrapper.m */; };
		8CDB3FD91C759E190012B7B4 /* RSADataSigner.m in Sources */ = {isa = PBXBuildFile; fileRef = 8CDB3FC91C759E190012B7B4 /* RSADataSigner.m */; };
		8CDB3FDA1C759E190012B7B4 /* RSADataVerifier.m in Sources */ = {isa = PBXBuildFile; fileRef = 8CDB3FCB1C759E190012B7B4 /* RSADataVerifier.m */; };
		8CDB3FDB1C759E190012B7B4 /* AlipaySDK.bundle in Resources */ = {isa = PBXBuildFile; fileRef = 8CDB3FCD1C759E190012B7B4 /* AlipaySDK.bundle */; };
		8CDB3FDC1C759E190012B7B4 /* AlipaySDK.framework in Frameworks */ = {isa = PBXBuildFile; fileRef = 8CDB3FCE1C759E190012B7B4 /* AlipaySDK.framework */; };
		8CDB3FDD1C759E190012B7B4 /* libcrypto.a in Frameworks */ = {isa = PBXBuildFile; fileRef = 8CDB3FCF1C759E190012B7B4 /* libcrypto.a */; };
		8CDB3FDE1C759E190012B7B4 /* libssl.a in Frameworks */ = {isa = PBXBuildFile; fileRef = 8CDB3FD01C759E190012B7B4 /* libssl.a */; };
		8CDB3FE01C759E2E0012B7B4 /* SystemConfiguration.framework in Frameworks */ = {isa = PBXBuildFile; fileRef = 8CDB3FDF1C759E2E0012B7B4 /* SystemConfiguration.framework */; };
/* End PBXBuildFile section */

/* Begin PBXContainerItemProxy section */
		8CD1083E1C74589A00EF988F /* PBXContainerItemProxy */ = {
			isa = PBXContainerItemProxy;
			containerPortal = 8CD108191C74589A00EF988F /* Project object */;
			proxyType = 1;
			remoteGlobalIDString = 8CD108201C74589A00EF988F;
			remoteInfo = AlipayDemo;
		};
		8CD108491C74589A00EF988F /* PBXContainerItemProxy */ = {
			isa = PBXContainerItemProxy;
			containerPortal = 8CD108191C74589A00EF988F /* Project object */;
			proxyType = 1;
			remoteGlobalIDString = 8CD108201C74589A00EF988F;
			remoteInfo = AlipayDemo;
		};
/* End PBXContainerItemProxy section */

/* Begin PBXFileReference section */
		39C1F0941CC487B800C9764D /* AppDelegate+Alipay.h */ = {isa = PBXFileReference; fileEncoding = 4; lastKnownFileType = sourcecode.c.h; path = "AppDelegate+Alipay.h"; sourceTree = "<group>"; };
		39C1F0951CC487B800C9764D /* AppDelegate+Alipay.m */ = {isa = PBXFileReference; fileEncoding = 4; lastKnownFileType = sourcecode.c.objc; path = "AppDelegate+Alipay.m"; sourceTree = "<group>"; };
		8CD108211C74589A00EF988F /* AlipayDemo.app */ = {isa = PBXFileReference; explicitFileType = wrapper.application; includeInIndex = 0; path = AlipayDemo.app; sourceTree = BUILT_PRODUCTS_DIR; };
		8CD108251C74589A00EF988F /* main.m */ = {isa = PBXFileReference; lastKnownFileType = sourcecode.c.objc; path = main.m; sourceTree = "<group>"; };
		8CD108271C74589A00EF988F /* AppDelegate.h */ = {isa = PBXFileReference; lastKnownFileType = sourcecode.c.h; path = AppDelegate.h; sourceTree = "<group>"; };
		8CD108281C74589A00EF988F /* AppDelegate.m */ = {isa = PBXFileReference; lastKnownFileType = sourcecode.c.objc; path = AppDelegate.m; sourceTree = "<group>"; };
		8CD1082A1C74589A00EF988F /* ViewController.h */ = {isa = PBXFileReference; lastKnownFileType = sourcecode.c.h; path = ViewController.h; sourceTree = "<group>"; };
		8CD1082B1C74589A00EF988F /* ViewController.m */ = {isa = PBXFileReference; lastKnownFileType = sourcecode.c.objc; path = ViewController.m; sourceTree = "<group>"; };
		8CD1082E1C74589A00EF988F /* Base */ = {isa = PBXFileReference; lastKnownFileType = file.storyboard; name = Base; path = Base.lproj/Main.storyboard; sourceTree = "<group>"; };
		8CD108311C74589A00EF988F /* AlipayDemo.xcdatamodel */ = {isa = PBXFileReference; lastKnownFileType = wrapper.xcdatamodel; path = AlipayDemo.xcdatamodel; sourceTree = "<group>"; };
		8CD108331C74589A00EF988F /* Assets.xcassets */ = {isa = PBXFileReference; lastKnownFileType = folder.assetcatalog; path = Assets.xcassets; sourceTree = "<group>"; };
		8CD108361C74589A00EF988F /* Base */ = {isa = PBXFileReference; lastKnownFileType = file.storyboard; name = Base; path = Base.lproj/LaunchScreen.storyboard; sourceTree = "<group>"; };
		8CD108381C74589A00EF988F /* Info.plist */ = {isa = PBXFileReference; lastKnownFileType = text.plist.xml; path = Info.plist; sourceTree = "<group>"; };
		8CD1083D1C74589A00EF988F /* AlipayDemoTests.xctest */ = {isa = PBXFileReference; explicitFileType = wrapper.cfbundle; includeInIndex = 0; path = AlipayDemoTests.xctest; sourceTree = BUILT_PRODUCTS_DIR; };
		8CD108411C74589A00EF988F /* AlipayDemoTests.m */ = {isa = PBXFileReference; lastKnownFileType = sourcecode.c.objc; path = AlipayDemoTests.m; sourceTree = "<group>"; };
		8CD108431C74589A00EF988F /* Info.plist */ = {isa = PBXFileReference; lastKnownFileType = text.plist.xml; path = Info.plist; sourceTree = "<group>"; };
		8CD108481C74589A00EF988F /* AlipayDemoUITests.xctest */ = {isa = PBXFileReference; explicitFileType = wrapper.cfbundle; includeInIndex = 0; path = AlipayDemoUITests.xctest; sourceTree = BUILT_PRODUCTS_DIR; };
		8CD1084C1C74589A00EF988F /* AlipayDemoUITests.m */ = {isa = PBXFileReference; lastKnownFileType = sourcecode.c.objc; path = AlipayDemoUITests.m; sourceTree = "<group>"; };
		8CD1084E1C74589A00EF988F /* Info.plist */ = {isa = PBXFileReference; lastKnownFileType = text.plist.xml; path = Info.plist; sourceTree = "<group>"; };
		8CDB3F691C759E190012B7B4 /* AlipayHeader.h */ = {isa = PBXFileReference; fileEncoding = 4; lastKnownFileType = sourcecode.c.h; path = AlipayHeader.h; sourceTree = "<group>"; };
		8CDB3F6A1C759E190012B7B4 /* AlipayRequestConfig.h */ = {isa = PBXFileReference; fileEncoding = 4; lastKnownFileType = sourcecode.c.h; path = AlipayRequestConfig.h; sourceTree = "<group>"; };
		8CDB3F6B1C759E190012B7B4 /* AlipayRequestConfig.m */ = {isa = PBXFileReference; fileEncoding = 4; lastKnownFileType = sourcecode.c.objc; path = AlipayRequestConfig.m; sourceTree = "<group>"; };
		8CDB3F6D1C759E190012B7B4 /* aes.h */ = {isa = PBXFileReference; fileEncoding = 4; lastKnownFileType = sourcecode.c.h; path = aes.h; sourceTree = "<group>"; };
		8CDB3F6E1C759E190012B7B4 /* asn1.h */ = {isa = PBXFileReference; fileEncoding = 4; lastKnownFileType = sourcecode.c.h; path = asn1.h; sourceTree = "<group>"; };
		8CDB3F6F1C759E190012B7B4 /* asn1_mac.h */ = {isa = PBXFileReference; fileEncoding = 4; lastKnownFileType = sourcecode.c.h; path = asn1_mac.h; sourceTree = "<group>"; };
		8CDB3F701C759E190012B7B4 /* asn1t.h */ = {isa = PBXFileReference; fileEncoding = 4; lastKnownFileType = sourcecode.c.h; path = asn1t.h; sourceTree = "<group>"; };
		8CDB3F711C759E190012B7B4 /* bio.h */ = {isa = PBXFileReference; fileEncoding = 4; lastKnownFileType = sourcecode.c.h; path = bio.h; sourceTree = "<group>"; };
		8CDB3F721C759E190012B7B4 /* blowfish.h */ = {isa = PBXFileReference; fileEncoding = 4; lastKnownFileType = sourcecode.c.h; path = blowfish.h; sourceTree = "<group>"; };
		8CDB3F731C759E190012B7B4 /* bn.h */ = {isa = PBXFileReference; fileEncoding = 4; lastKnownFileType = sourcecode.c.h; path = bn.h; sourceTree = "<group>"; };
		8CDB3F741C759E190012B7B4 /* buffer.h */ = {isa = PBXFileReference; fileEncoding = 4; lastKnownFileType = sourcecode.c.h; path = buffer.h; sourceTree = "<group>"; };
		8CDB3F751C759E190012B7B4 /* camellia.h */ = {isa = PBXFileReference; fileEncoding = 4; lastKnownFileType = sourcecode.c.h; path = camellia.h; sourceTree = "<group>"; };
		8CDB3F761C759E190012B7B4 /* cast.h */ = {isa = PBXFileReference; fileEncoding = 4; lastKnownFileType = sourcecode.c.h; path = cast.h; sourceTree = "<group>"; };
		8CDB3F771C759E190012B7B4 /* cmac.h */ = {isa = PBXFileReference; fileEncoding = 4; lastKnownFileType = sourcecode.c.h; path = cmac.h; sourceTree = "<group>"; };
		8CDB3F781C759E190012B7B4 /* cms.h */ = {isa = PBXFileReference; fileEncoding = 4; lastKnownFileType = sourcecode.c.h; path = cms.h; sourceTree = "<group>"; };
		8CDB3F791C759E190012B7B4 /* comp.h */ = {isa = PBXFileReference; fileEncoding = 4; lastKnownFileType = sourcecode.c.h; path = comp.h; sourceTree = "<group>"; };
		8CDB3F7A1C759E190012B7B4 /* conf.h */ = {isa = PBXFileReference; fileEncoding = 4; lastKnownFileType = sourcecode.c.h; path = conf.h; sourceTree = "<group>"; };
		8CDB3F7B1C759E190012B7B4 /* conf_api.h */ = {isa = PBXFileReference; fileEncoding = 4; lastKnownFileType = sourcecode.c.h; path = conf_api.h; sourceTree = "<group>"; };
		8CDB3F7C1C759E190012B7B4 /* crypto.h */ = {isa = PBXFileReference; fileEncoding = 4; lastKnownFileType = sourcecode.c.h; path = crypto.h; sourceTree = "<group>"; };
		8CDB3F7D1C759E190012B7B4 /* des.h */ = {isa = PBXFileReference; fileEncoding = 4; lastKnownFileType = sourcecode.c.h; path = des.h; sourceTree = "<group>"; };
		8CDB3F7E1C759E190012B7B4 /* des_old.h */ = {isa = PBXFileReference; fileEncoding = 4; lastKnownFileType = sourcecode.c.h; path = des_old.h; sourceTree = "<group>"; };
		8CDB3F7F1C759E190012B7B4 /* dh.h */ = {isa = PBXFileReference; fileEncoding = 4; lastKnownFileType = sourcecode.c.h; path = dh.h; sourceTree = "<group>"; };
		8CDB3F801C759E190012B7B4 /* dsa.h */ = {isa = PBXFileReference; fileEncoding = 4; lastKnownFileType = sourcecode.c.h; path = dsa.h; sourceTree = "<group>"; };
		8CDB3F811C759E190012B7B4 /* dso.h */ = {isa = PBXFileReference; fileEncoding = 4; lastKnownFileType = sourcecode.c.h; path = dso.h; sourceTree = "<group>"; };
		8CDB3F821C759E190012B7B4 /* dtls1.h */ = {isa = PBXFileReference; fileEncoding = 4; lastKnownFileType = sourcecode.c.h; path = dtls1.h; sourceTree = "<group>"; };
		8CDB3F831C759E190012B7B4 /* e_os2.h */ = {isa = PBXFileReference; fileEncoding = 4; lastKnownFileType = sourcecode.c.h; path = e_os2.h; sourceTree = "<group>"; };
		8CDB3F841C759E190012B7B4 /* ebcdic.h */ = {isa = PBXFileReference; fileEncoding = 4; lastKnownFileType = sourcecode.c.h; path = ebcdic.h; sourceTree = "<group>"; };
		8CDB3F851C759E190012B7B4 /* ec.h */ = {isa = PBXFileReference; fileEncoding = 4; lastKnownFileType = sourcecode.c.h; path = ec.h; sourceTree = "<group>"; };
		8CDB3F861C759E190012B7B4 /* ecdh.h */ = {isa = PBXFileReference; fileEncoding = 4; lastKnownFileType = sourcecode.c.h; path = ecdh.h; sourceTree = "<group>"; };
		8CDB3F871C759E190012B7B4 /* ecdsa.h */ = {isa = PBXFileReference; fileEncoding = 4; lastKnownFileType = sourcecode.c.h; path = ecdsa.h; sourceTree = "<group>"; };
		8CDB3F881C759E190012B7B4 /* engine.h */ = {isa = PBXFileReference; fileEncoding = 4; lastKnownFileType = sourcecode.c.h; path = engine.h; sourceTree = "<group>"; };
		8CDB3F891C759E190012B7B4 /* err.h */ = {isa = PBXFileReference; fileEncoding = 4; lastKnownFileType = sourcecode.c.h; path = err.h; sourceTree = "<group>"; };
		8CDB3F8A1C759E190012B7B4 /* evp.h */ = {isa = PBXFileReference; fileEncoding = 4; lastKnownFileType = sourcecode.c.h; path = evp.h; sourceTree = "<group>"; };
		8CDB3F8B1C759E190012B7B4 /* hmac.h */ = {isa = PBXFileReference; fileEncoding = 4; lastKnownFileType = sourcecode.c.h; path = hmac.h; sourceTree = "<group>"; };
		8CDB3F8C1C759E190012B7B4 /* idea.h */ = {isa = PBXFileReference; fileEncoding = 4; lastKnownFileType = sourcecode.c.h; path = idea.h; sourceTree = "<group>"; };
		8CDB3F8D1C759E190012B7B4 /* krb5_asn.h */ = {isa = PBXFileReference; fileEncoding = 4; lastKnownFileType = sourcecode.c.h; path = krb5_asn.h; sourceTree = "<group>"; };
		8CDB3F8E1C759E190012B7B4 /* kssl.h */ = {isa = PBXFileReference; fileEncoding = 4; lastKnownFileType = sourcecode.c.h; path = kssl.h; sourceTree = "<group>"; };
		8CDB3F8F1C759E190012B7B4 /* lhash.h */ = {isa = PBXFileReference; fileEncoding = 4; lastKnownFileType = sourcecode.c.h; path = lhash.h; sourceTree = "<group>"; };
		8CDB3F901C759E190012B7B4 /* md4.h */ = {isa = PBXFileReference; fileEncoding = 4; lastKnownFileType = sourcecode.c.h; path = md4.h; sourceTree = "<group>"; };
		8CDB3F911C759E190012B7B4 /* md5.h */ = {isa = PBXFileReference; fileEncoding = 4; lastKnownFileType = sourcecode.c.h; path = md5.h; sourceTree = "<group>"; };
		8CDB3F921C759E190012B7B4 /* mdc2.h */ = {isa = PBXFileReference; fileEncoding = 4; lastKnownFileType = sourcecode.c.h; path = mdc2.h; sourceTree = "<group>"; };
		8CDB3F931C759E190012B7B4 /* modes.h */ = {isa = PBXFileReference; fileEncoding = 4; lastKnownFileType = sourcecode.c.h; path = modes.h; sourceTree = "<group>"; };
		8CDB3F941C759E190012B7B4 /* obj_mac.h */ = {isa = PBXFileReference; fileEncoding = 4; lastKnownFileType = sourcecode.c.h; path = obj_mac.h; sourceTree = "<group>"; };
		8CDB3F951C759E190012B7B4 /* objects.h */ = {isa = PBXFileReference; fileEncoding = 4; lastKnownFileType = sourcecode.c.h; path = objects.h; sourceTree = "<group>"; };
		8CDB3F961C759E190012B7B4 /* ocsp.h */ = {isa = PBXFileReference; fileEncoding = 4; lastKnownFileType = sourcecode.c.h; path = ocsp.h; sourceTree = "<group>"; };
		8CDB3F971C759E190012B7B4 /* opensslconf.h */ = {isa = PBXFileReference; fileEncoding = 4; lastKnownFileType = sourcecode.c.h; path = opensslconf.h; sourceTree = "<group>"; };
		8CDB3F981C759E190012B7B4 /* opensslv.h */ = {isa = PBXFileReference; fileEncoding = 4; lastKnownFileType = sourcecode.c.h; path = opensslv.h; sourceTree = "<group>"; };
		8CDB3F991C759E190012B7B4 /* ossl_typ.h */ = {isa = PBXFileReference; fileEncoding = 4; lastKnownFileType = sourcecode.c.h; path = ossl_typ.h; sourceTree = "<group>"; };
		8CDB3F9A1C759E190012B7B4 /* pem.h */ = {isa = PBXFileReference; fileEncoding = 4; lastKnownFileType = sourcecode.c.h; path = pem.h; sourceTree = "<group>"; };
		8CDB3F9B1C759E190012B7B4 /* pem2.h */ = {isa = PBXFileReference; fileEncoding = 4; lastKnownFileType = sourcecode.c.h; path = pem2.h; sourceTree = "<group>"; };
		8CDB3F9C1C759E190012B7B4 /* pkcs12.h */ = {isa = PBXFileReference; fileEncoding = 4; lastKnownFileType = sourcecode.c.h; path = pkcs12.h; sourceTree = "<group>"; };
		8CDB3F9D1C759E190012B7B4 /* pkcs7.h */ = {isa = PBXFileReference; fileEncoding = 4; lastKnownFileType = sourcecode.c.h; path = pkcs7.h; sourceTree = "<group>"; };
		8CDB3F9E1C759E190012B7B4 /* pqueue.h */ = {isa = PBXFileReference; fileEncoding = 4; lastKnownFileType = sourcecode.c.h; path = pqueue.h; sourceTree = "<group>"; };
		8CDB3F9F1C759E190012B7B4 /* rand.h */ = {isa = PBXFileReference; fileEncoding = 4; lastKnownFileType = sourcecode.c.h; path = rand.h; sourceTree = "<group>"; };
		8CDB3FA01C759E190012B7B4 /* rc2.h */ = {isa = PBXFileReference; fileEncoding = 4; lastKnownFileType = sourcecode.c.h; path = rc2.h; sourceTree = "<group>"; };
		8CDB3FA11C759E190012B7B4 /* rc4.h */ = {isa = PBXFileReference; fileEncoding = 4; lastKnownFileType = sourcecode.c.h; path = rc4.h; sourceTree = "<group>"; };
		8CDB3FA21C759E190012B7B4 /* ripemd.h */ = {isa = PBXFileReference; fileEncoding = 4; lastKnownFileType = sourcecode.c.h; path = ripemd.h; sourceTree = "<group>"; };
		8CDB3FA31C759E190012B7B4 /* rsa.h */ = {isa = PBXFileReference; fileEncoding = 4; lastKnownFileType = sourcecode.c.h; path = rsa.h; sourceTree = "<group>"; };
		8CDB3FA41C759E190012B7B4 /* safestack.h */ = {isa = PBXFileReference; fileEncoding = 4; lastKnownFileType = sourcecode.c.h; path = safestack.h; sourceTree = "<group>"; };
		8CDB3FA51C759E190012B7B4 /* seed.h */ = {isa = PBXFileReference; fileEncoding = 4; lastKnownFileType = sourcecode.c.h; path = seed.h; sourceTree = "<group>"; };
		8CDB3FA61C759E190012B7B4 /* sha.h */ = {isa = PBXFileReference; fileEncoding = 4; lastKnownFileType = sourcecode.c.h; path = sha.h; sourceTree = "<group>"; };
		8CDB3FA71C759E190012B7B4 /* srp.h */ = {isa = PBXFileReference; fileEncoding = 4; lastKnownFileType = sourcecode.c.h; path = srp.h; sourceTree = "<group>"; };
		8CDB3FA81C759E190012B7B4 /* srtp.h */ = {isa = PBXFileReference; fileEncoding = 4; lastKnownFileType = sourcecode.c.h; path = srtp.h; sourceTree = "<group>"; };
		8CDB3FA91C759E190012B7B4 /* ssl.h */ = {isa = PBXFileReference; fileEncoding = 4; lastKnownFileType = sourcecode.c.h; path = ssl.h; sourceTree = "<group>"; };
		8CDB3FAA1C759E190012B7B4 /* ssl2.h */ = {isa = PBXFileReference; fileEncoding = 4; lastKnownFileType = sourcecode.c.h; path = ssl2.h; sourceTree = "<group>"; };
		8CDB3FAB1C759E190012B7B4 /* ssl23.h */ = {isa = PBXFileReference; fileEncoding = 4; lastKnownFileType = sourcecode.c.h; path = ssl23.h; sourceTree = "<group>"; };
		8CDB3FAC1C759E190012B7B4 /* ssl3.h */ = {isa = PBXFileReference; fileEncoding = 4; lastKnownFileType = sourcecode.c.h; path = ssl3.h; sourceTree = "<group>"; };
		8CDB3FAD1C759E190012B7B4 /* stack.h */ = {isa = PBXFileReference; fileEncoding = 4; lastKnownFileType = sourcecode.c.h; path = stack.h; sourceTree = "<group>"; };
		8CDB3FAE1C759E190012B7B4 /* symhacks.h */ = {isa = PBXFileReference; fileEncoding = 4; lastKnownFileType = sourcecode.c.h; path = symhacks.h; sourceTree = "<group>"; };
		8CDB3FAF1C759E190012B7B4 /* tls1.h */ = {isa = PBXFileReference; fileEncoding = 4; lastKnownFileType = sourcecode.c.h; path = tls1.h; sourceTree = "<group>"; };
		8CDB3FB01C759E190012B7B4 /* ts.h */ = {isa = PBXFileReference; fileEncoding = 4; lastKnownFileType = sourcecode.c.h; path = ts.h; sourceTree = "<group>"; };
		8CDB3FB11C759E190012B7B4 /* txt_db.h */ = {isa = PBXFileReference; fileEncoding = 4; lastKnownFileType = sourcecode.c.h; path = txt_db.h; sourceTree = "<group>"; };
		8CDB3FB21C759E190012B7B4 /* ui.h */ = {isa = PBXFileReference; fileEncoding = 4; lastKnownFileType = sourcecode.c.h; path = ui.h; sourceTree = "<group>"; };
		8CDB3FB31C759E190012B7B4 /* ui_compat.h */ = {isa = PBXFileReference; fileEncoding = 4; lastKnownFileType = sourcecode.c.h; path = ui_compat.h; sourceTree = "<group>"; };
		8CDB3FB41C759E190012B7B4 /* whrlpool.h */ = {isa = PBXFileReference; fileEncoding = 4; lastKnownFileType = sourcecode.c.h; path = whrlpool.h; sourceTree = "<group>"; };
		8CDB3FB51C759E190012B7B4 /* x509.h */ = {isa = PBXFileReference; fileEncoding = 4; lastKnownFileType = sourcecode.c.h; path = x509.h; sourceTree = "<group>"; };
		8CDB3FB61C759E190012B7B4 /* x509_vfy.h */ = {isa = PBXFileReference; fileEncoding = 4; lastKnownFileType = sourcecode.c.h; path = x509_vfy.h; sourceTree = "<group>"; };
		8CDB3FB71C759E190012B7B4 /* x509v3.h */ = {isa = PBXFileReference; fileEncoding = 4; lastKnownFileType = sourcecode.c.h; path = x509v3.h; sourceTree = "<group>"; };
		8CDB3FB81C759E190012B7B4 /* Order.h */ = {isa = PBXFileReference; fileEncoding = 4; lastKnownFileType = sourcecode.c.h; path = Order.h; sourceTree = "<group>"; };
		8CDB3FB91C759E190012B7B4 /* Order.m */ = {isa = PBXFileReference; fileEncoding = 4; lastKnownFileType = sourcecode.c.objc; path = Order.m; sourceTree = "<group>"; };
		8CDB3FBB1C759E190012B7B4 /* base64.h */ = {isa = PBXFileReference; fileEncoding = 4; lastKnownFileType = sourcecode.c.h; path = base64.h; sourceTree = "<group>"; };
		8CDB3FBC1C759E190012B7B4 /* base64.m */ = {isa = PBXFileReference; fileEncoding = 4; lastKnownFileType = sourcecode.c.objc; path = base64.m; sourceTree = "<group>"; };
		8CDB3FBD1C759E190012B7B4 /* config.h */ = {isa = PBXFileReference; fileEncoding = 4; lastKnownFileType = sourcecode.c.h; path = config.h; sourceTree = "<group>"; };
		8CDB3FBE1C759E190012B7B4 /* DataSigner.h */ = {isa = PBXFileReference; fileEncoding = 4; lastKnownFileType = sourcecode.c.h; path = DataSigner.h; sourceTree = "<group>"; };
		8CDB3FBF1C759E190012B7B4 /* DataSigner.m */ = {isa = PBXFileReference; fileEncoding = 4; lastKnownFileType = sourcecode.c.objc; path = DataSigner.m; sourceTree = "<group>"; };
		8CDB3FC01C759E190012B7B4 /* DataVerifier.h */ = {isa = PBXFileReference; fileEncoding = 4; lastKnownFileType = sourcecode.c.h; path = DataVerifier.h; sourceTree = "<group>"; };
		8CDB3FC11C759E190012B7B4 /* DataVerifier.m */ = {isa = PBXFileReference; fileEncoding = 4; lastKnownFileType = sourcecode.c.objc; path = DataVerifier.m; sourceTree = "<group>"; };
		8CDB3FC21C759E190012B7B4 /* MD5DataSigner.h */ = {isa = PBXFileReference; fileEncoding = 4; lastKnownFileType = sourcecode.c.h; path = MD5DataSigner.h; sourceTree = "<group>"; };
		8CDB3FC31C759E190012B7B4 /* MD5DataSigner.m */ = {isa = PBXFileReference; fileEncoding = 4; lastKnownFileType = sourcecode.c.objc; path = MD5DataSigner.m; sourceTree = "<group>"; };
		8CDB3FC41C759E190012B7B4 /* NSDataEx.h */ = {isa = PBXFileReference; fileEncoding = 4; lastKnownFileType = sourcecode.c.h; path = NSDataEx.h; sourceTree = "<group>"; };
		8CDB3FC51C759E190012B7B4 /* NSDataEx.m */ = {isa = PBXFileReference; fileEncoding = 4; lastKnownFileType = sourcecode.c.objc; path = NSDataEx.m; sourceTree = "<group>"; };
		8CDB3FC61C759E190012B7B4 /* openssl_wrapper.h */ = {isa = PBXFileReference; fileEncoding = 4; lastKnownFileType = sourcecode.c.h; path = openssl_wrapper.h; sourceTree = "<group>"; };
		8CDB3FC71C759E190012B7B4 /* openssl_wrapper.m */ = {isa = PBXFileReference; fileEncoding = 4; lastKnownFileType = sourcecode.c.objc; path = openssl_wrapper.m; sourceTree = "<group>"; };
		8CDB3FC81C759E190012B7B4 /* RSADataSigner.h */ = {isa = PBXFileReference; fileEncoding = 4; lastKnownFileType = sourcecode.c.h; path = RSADataSigner.h; sourceTree = "<group>"; };
		8CDB3FC91C759E190012B7B4 /* RSADataSigner.m */ = {isa = PBXFileReference; fileEncoding = 4; lastKnownFileType = sourcecode.c.objc; path = RSADataSigner.m; sourceTree = "<group>"; };
		8CDB3FCA1C759E190012B7B4 /* RSADataVerifier.h */ = {isa = PBXFileReference; fileEncoding = 4; lastKnownFileType = sourcecode.c.h; path = RSADataVerifier.h; sourceTree = "<group>"; };
		8CDB3FCB1C759E190012B7B4 /* RSADataVerifier.m */ = {isa = PBXFileReference; fileEncoding = 4; lastKnownFileType = sourcecode.c.objc; path = RSADataVerifier.m; sourceTree = "<group>"; };
		8CDB3FCD1C759E190012B7B4 /* AlipaySDK.bundle */ = {isa = PBXFileReference; lastKnownFileType = "wrapper.plug-in"; path = AlipaySDK.bundle; sourceTree = "<group>"; };
		8CDB3FCE1C759E190012B7B4 /* AlipaySDK.framework */ = {isa = PBXFileReference; lastKnownFileType = wrapper.framework; path = AlipaySDK.framework; sourceTree = "<group>"; };
		8CDB3FCF1C759E190012B7B4 /* libcrypto.a */ = {isa = PBXFileReference; lastKnownFileType = archive.ar; path = libcrypto.a; sourceTree = "<group>"; };
		8CDB3FD01C759E190012B7B4 /* libssl.a */ = {isa = PBXFileReference; lastKnownFileType = archive.ar; path = libssl.a; sourceTree = "<group>"; };
		8CDB3FDF1C759E2E0012B7B4 /* SystemConfiguration.framework */ = {isa = PBXFileReference; lastKnownFileType = wrapper.framework; name = SystemConfiguration.framework; path = System/Library/Frameworks/SystemConfiguration.framework; sourceTree = SDKROOT; };
/* End PBXFileReference section */

/* Begin PBXFrameworksBuildPhase section */
		8CD1081E1C74589A00EF988F /* Frameworks */ = {
			isa = PBXFrameworksBuildPhase;
			buildActionMask = 2147483647;
			files = (
				8CDB3FE01C759E2E0012B7B4 /* SystemConfiguration.framework in Frameworks */,
				8CDB3FDD1C759E190012B7B4 /* libcrypto.a in Frameworks */,
				8CDB3FDC1C759E190012B7B4 /* AlipaySDK.framework in Frameworks */,
				8CDB3FDE1C759E190012B7B4 /* libssl.a in Frameworks */,
			);
			runOnlyForDeploymentPostprocessing = 0;
		};
		8CD1083A1C74589A00EF988F /* Frameworks */ = {
			isa = PBXFrameworksBuildPhase;
			buildActionMask = 2147483647;
			files = (
			);
			runOnlyForDeploymentPostprocessing = 0;
		};
		8CD108451C74589A00EF988F /* Frameworks */ = {
			isa = PBXFrameworksBuildPhase;
			buildActionMask = 2147483647;
			files = (
			);
			runOnlyForDeploymentPostprocessing = 0;
		};
/* End PBXFrameworksBuildPhase section */

/* Begin PBXGroup section */
		8CD108181C74589A00EF988F = {
			isa = PBXGroup;
			children = (
				8CDB3FDF1C759E2E0012B7B4 /* SystemConfiguration.framework */,
				8CD108231C74589A00EF988F /* AlipayDemo */,
				8CD108401C74589A00EF988F /* AlipayDemoTests */,
				8CD1084B1C74589A00EF988F /* AlipayDemoUITests */,
				8CD108221C74589A00EF988F /* Products */,
			);
			sourceTree = "<group>";
		};
		8CD108221C74589A00EF988F /* Products */ = {
			isa = PBXGroup;
			children = (
				8CD108211C74589A00EF988F /* AlipayDemo.app */,
				8CD1083D1C74589A00EF988F /* AlipayDemoTests.xctest */,
				8CD108481C74589A00EF988F /* AlipayDemoUITests.xctest */,
			);
			name = Products;
			sourceTree = "<group>";
		};
		8CD108231C74589A00EF988F /* AlipayDemo */ = {
			isa = PBXGroup;
			children = (
				8CDB3F671C759E190012B7B4 /* Alipay */,
				8CD108271C74589A00EF988F /* AppDelegate.h */,
				8CD108281C74589A00EF988F /* AppDelegate.m */,
				8CD1082A1C74589A00EF988F /* ViewController.h */,
				8CD1082B1C74589A00EF988F /* ViewController.m */,
				8CD1082D1C74589A00EF988F /* Main.storyboard */,
				8CD108331C74589A00EF988F /* Assets.xcassets */,
				8CD108351C74589A00EF988F /* LaunchScreen.storyboard */,
				8CD108381C74589A00EF988F /* Info.plist */,
				8CD108301C74589A00EF988F /* AlipayDemo.xcdatamodeld */,
				8CD108241C74589A00EF988F /* Supporting Files */,
			);
			path = AlipayDemo;
			sourceTree = "<group>";
		};
		8CD108241C74589A00EF988F /* Supporting Files */ = {
			isa = PBXGroup;
			children = (
				8CD108251C74589A00EF988F /* main.m */,
			);
			name = "Supporting Files";
			sourceTree = "<group>";
		};
		8CD108401C74589A00EF988F /* AlipayDemoTests */ = {
			isa = PBXGroup;
			children = (
				8CD108411C74589A00EF988F /* AlipayDemoTests.m */,
				8CD108431C74589A00EF988F /* Info.plist */,
			);
			path = AlipayDemoTests;
			sourceTree = "<group>";
		};
		8CD1084B1C74589A00EF988F /* AlipayDemoUITests */ = {
			isa = PBXGroup;
			children = (
				8CD1084C1C74589A00EF988F /* AlipayDemoUITests.m */,
				8CD1084E1C74589A00EF988F /* Info.plist */,
			);
			path = AlipayDemoUITests;
			sourceTree = "<group>";
		};
		8CDB3F671C759E190012B7B4 /* Alipay */ = {
			isa = PBXGroup;
			children = (
				8CDB3F681C759E190012B7B4 /* AlipayFiles */,
				8CDB3FCC1C759E190012B7B4 /* AlipaySDK */,
			);
			path = Alipay;
			sourceTree = "<group>";
		};
		8CDB3F681C759E190012B7B4 /* AlipayFiles */ = {
			isa = PBXGroup;
			children = (
				8CDB3F691C759E190012B7B4 /* AlipayHeader.h */,
				8CDB3F6A1C759E190012B7B4 /* AlipayRequestConfig.h */,
				8CDB3F6B1C759E190012B7B4 /* AlipayRequestConfig.m */,
				8CDB3F6C1C759E190012B7B4 /* openssl */,
				8CDB3FB81C759E190012B7B4 /* Order.h */,
				8CDB3FB91C759E190012B7B4 /* Order.m */,
				8CDB3FBA1C759E190012B7B4 /* Util */,
				39C1F0941CC487B800C9764D /* AppDelegate+Alipay.h */,
				39C1F0951CC487B800C9764D /* AppDelegate+Alipay.m */,
			);
			path = AlipayFiles;
			sourceTree = "<group>";
		};
		8CDB3F6C1C759E190012B7B4 /* openssl */ = {
			isa = PBXGroup;
			children = (
				8CDB3F6D1C759E190012B7B4 /* aes.h */,
				8CDB3F6E1C759E190012B7B4 /* asn1.h */,
				8CDB3F6F1C759E190012B7B4 /* asn1_mac.h */,
				8CDB3F701C759E190012B7B4 /* asn1t.h */,
				8CDB3F711C759E190012B7B4 /* bio.h */,
				8CDB3F721C759E190012B7B4 /* blowfish.h */,
				8CDB3F731C759E190012B7B4 /* bn.h */,
				8CDB3F741C759E190012B7B4 /* buffer.h */,
				8CDB3F751C759E190012B7B4 /* camellia.h */,
				8CDB3F761C759E190012B7B4 /* cast.h */,
				8CDB3F771C759E190012B7B4 /* cmac.h */,
				8CDB3F781C759E190012B7B4 /* cms.h */,
				8CDB3F791C759E190012B7B4 /* comp.h */,
				8CDB3F7A1C759E190012B7B4 /* conf.h */,
				8CDB3F7B1C759E190012B7B4 /* conf_api.h */,
				8CDB3F7C1C759E190012B7B4 /* crypto.h */,
				8CDB3F7D1C759E190012B7B4 /* des.h */,
				8CDB3F7E1C759E190012B7B4 /* des_old.h */,
				8CDB3F7F1C759E190012B7B4 /* dh.h */,
				8CDB3F801C759E190012B7B4 /* dsa.h */,
				8CDB3F811C759E190012B7B4 /* dso.h */,
				8CDB3F821C759E190012B7B4 /* dtls1.h */,
				8CDB3F831C759E190012B7B4 /* e_os2.h */,
				8CDB3F841C759E190012B7B4 /* ebcdic.h */,
				8CDB3F851C759E190012B7B4 /* ec.h */,
				8CDB3F861C759E190012B7B4 /* ecdh.h */,
				8CDB3F871C759E190012B7B4 /* ecdsa.h */,
				8CDB3F881C759E190012B7B4 /* engine.h */,
				8CDB3F891C759E190012B7B4 /* err.h */,
				8CDB3F8A1C759E190012B7B4 /* evp.h */,
				8CDB3F8B1C759E190012B7B4 /* hmac.h */,
				8CDB3F8C1C759E190012B7B4 /* idea.h */,
				8CDB3F8D1C759E190012B7B4 /* krb5_asn.h */,
				8CDB3F8E1C759E190012B7B4 /* kssl.h */,
				8CDB3F8F1C759E190012B7B4 /* lhash.h */,
				8CDB3F901C759E190012B7B4 /* md4.h */,
				8CDB3F911C759E190012B7B4 /* md5.h */,
				8CDB3F921C759E190012B7B4 /* mdc2.h */,
				8CDB3F931C759E190012B7B4 /* modes.h */,
				8CDB3F941C759E190012B7B4 /* obj_mac.h */,
				8CDB3F951C759E190012B7B4 /* objects.h */,
				8CDB3F961C759E190012B7B4 /* ocsp.h */,
				8CDB3F971C759E190012B7B4 /* opensslconf.h */,
				8CDB3F981C759E190012B7B4 /* opensslv.h */,
				8CDB3F991C759E190012B7B4 /* ossl_typ.h */,
				8CDB3F9A1C759E190012B7B4 /* pem.h */,
				8CDB3F9B1C759E190012B7B4 /* pem2.h */,
				8CDB3F9C1C759E190012B7B4 /* pkcs12.h */,
				8CDB3F9D1C759E190012B7B4 /* pkcs7.h */,
				8CDB3F9E1C759E190012B7B4 /* pqueue.h */,
				8CDB3F9F1C759E190012B7B4 /* rand.h */,
				8CDB3FA01C759E190012B7B4 /* rc2.h */,
				8CDB3FA11C759E190012B7B4 /* rc4.h */,
				8CDB3FA21C759E190012B7B4 /* ripemd.h */,
				8CDB3FA31C759E190012B7B4 /* rsa.h */,
				8CDB3FA41C759E190012B7B4 /* safestack.h */,
				8CDB3FA51C759E190012B7B4 /* seed.h */,
				8CDB3FA61C759E190012B7B4 /* sha.h */,
				8CDB3FA71C759E190012B7B4 /* srp.h */,
				8CDB3FA81C759E190012B7B4 /* srtp.h */,
				8CDB3FA91C759E190012B7B4 /* ssl.h */,
				8CDB3FAA1C759E190012B7B4 /* ssl2.h */,
				8CDB3FAB1C759E190012B7B4 /* ssl23.h */,
				8CDB3FAC1C759E190012B7B4 /* ssl3.h */,
				8CDB3FAD1C759E190012B7B4 /* stack.h */,
				8CDB3FAE1C759E190012B7B4 /* symhacks.h */,
				8CDB3FAF1C759E190012B7B4 /* tls1.h */,
				8CDB3FB01C759E190012B7B4 /* ts.h */,
				8CDB3FB11C759E190012B7B4 /* txt_db.h */,
				8CDB3FB21C759E190012B7B4 /* ui.h */,
				8CDB3FB31C759E190012B7B4 /* ui_compat.h */,
				8CDB3FB41C759E190012B7B4 /* whrlpool.h */,
				8CDB3FB51C759E190012B7B4 /* x509.h */,
				8CDB3FB61C759E190012B7B4 /* x509_vfy.h */,
				8CDB3FB71C759E190012B7B4 /* x509v3.h */,
			);
			path = openssl;
			sourceTree = "<group>";
		};
		8CDB3FBA1C759E190012B7B4 /* Util */ = {
			isa = PBXGroup;
			children = (
				8CDB3FBB1C759E190012B7B4 /* base64.h */,
				8CDB3FBC1C759E190012B7B4 /* base64.m */,
				8CDB3FBD1C759E190012B7B4 /* config.h */,
				8CDB3FBE1C759E190012B7B4 /* DataSigner.h */,
				8CDB3FBF1C759E190012B7B4 /* DataSigner.m */,
				8CDB3FC01C759E190012B7B4 /* DataVerifier.h */,
				8CDB3FC11C759E190012B7B4 /* DataVerifier.m */,
				8CDB3FC21C759E190012B7B4 /* MD5DataSigner.h */,
				8CDB3FC31C759E190012B7B4 /* MD5DataSigner.m */,
				8CDB3FC41C759E190012B7B4 /* NSDataEx.h */,
				8CDB3FC51C759E190012B7B4 /* NSDataEx.m */,
				8CDB3FC61C759E190012B7B4 /* openssl_wrapper.h */,
				8CDB3FC71C759E190012B7B4 /* openssl_wrapper.m */,
				8CDB3FC81C759E190012B7B4 /* RSADataSigner.h */,
				8CDB3FC91C759E190012B7B4 /* RSADataSigner.m */,
				8CDB3FCA1C759E190012B7B4 /* RSADataVerifier.h */,
				8CDB3FCB1C759E190012B7B4 /* RSADataVerifier.m */,
			);
			path = Util;
			sourceTree = "<group>";
		};
		8CDB3FCC1C759E190012B7B4 /* AlipaySDK */ = {
			isa = PBXGroup;
			children = (
				8CDB3FCD1C759E190012B7B4 /* AlipaySDK.bundle */,
				8CDB3FCE1C759E190012B7B4 /* AlipaySDK.framework */,
				8CDB3FCF1C759E190012B7B4 /* libcrypto.a */,
				8CDB3FD01C759E190012B7B4 /* libssl.a */,
			);
			path = AlipaySDK;
			sourceTree = "<group>";
		};
/* End PBXGroup section */

/* Begin PBXNativeTarget section */
		8CD108201C74589A00EF988F /* AlipayDemo */ = {
			isa = PBXNativeTarget;
			buildConfigurationList = 8CD108511C74589A00EF988F /* Build configuration list for PBXNativeTarget "AlipayDemo" */;
			buildPhases = (
				8CD1081D1C74589A00EF988F /* Sources */,
				8CD1081E1C74589A00EF988F /* Frameworks */,
				8CD1081F1C74589A00EF988F /* Resources */,
			);
			buildRules = (
			);
			dependencies = (
			);
			name = AlipayDemo;
			productName = AlipayDemo;
			productReference = 8CD108211C74589A00EF988F /* AlipayDemo.app */;
			productType = "com.apple.product-type.application";
		};
		8CD1083C1C74589A00EF988F /* AlipayDemoTests */ = {
			isa = PBXNativeTarget;
			buildConfigurationList = 8CD108541C74589A00EF988F /* Build configuration list for PBXNativeTarget "AlipayDemoTests" */;
			buildPhases = (
				8CD108391C74589A00EF988F /* Sources */,
				8CD1083A1C74589A00EF988F /* Frameworks */,
				8CD1083B1C74589A00EF988F /* Resources */,
			);
			buildRules = (
			);
			dependencies = (
				8CD1083F1C74589A00EF988F /* PBXTargetDependency */,
			);
			name = AlipayDemoTests;
			productName = AlipayDemoTests;
			productReference = 8CD1083D1C74589A00EF988F /* AlipayDemoTests.xctest */;
			productType = "com.apple.product-type.bundle.unit-test";
		};
		8CD108471C74589A00EF988F /* AlipayDemoUITests */ = {
			isa = PBXNativeTarget;
			buildConfigurationList = 8CD108571C74589A00EF988F /* Build configuration list for PBXNativeTarget "AlipayDemoUITests" */;
			buildPhases = (
				8CD108441C74589A00EF988F /* Sources */,
				8CD108451C74589A00EF988F /* Frameworks */,
				8CD108461C74589A00EF988F /* Resources */,
			);
			buildRules = (
			);
			dependencies = (
				8CD1084A1C74589A00EF988F /* PBXTargetDependency */,
			);
			name = AlipayDemoUITests;
			productName = AlipayDemoUITests;
			productReference = 8CD108481C74589A00EF988F /* AlipayDemoUITests.xctest */;
			productType = "com.apple.product-type.bundle.ui-testing";
		};
/* End PBXNativeTarget section */

/* Begin PBXProject section */
		8CD108191C74589A00EF988F /* Project object */ = {
			isa = PBXProject;
			attributes = {
				LastUpgradeCheck = 0720;
				ORGANIZATIONNAME = HoseaLee;
				TargetAttributes = {
					8CD108201C74589A00EF988F = {
						CreatedOnToolsVersion = 7.2.1;
					};
					8CD1083C1C74589A00EF988F = {
						CreatedOnToolsVersion = 7.2.1;
						TestTargetID = 8CD108201C74589A00EF988F;
					};
					8CD108471C74589A00EF988F = {
						CreatedOnToolsVersion = 7.2.1;
						TestTargetID = 8CD108201C74589A00EF988F;
					};
				};
			};
			buildConfigurationList = 8CD1081C1C74589A00EF988F /* Build configuration list for PBXProject "AlipayDemo" */;
			compatibilityVersion = "Xcode 3.2";
			developmentRegion = English;
			hasScannedForEncodings = 0;
			knownRegions = (
				en,
				Base,
			);
			mainGroup = 8CD108181C74589A00EF988F;
			productRefGroup = 8CD108221C74589A00EF988F /* Products */;
			projectDirPath = "";
			projectRoot = "";
			targets = (
				8CD108201C74589A00EF988F /* AlipayDemo */,
				8CD1083C1C74589A00EF988F /* AlipayDemoTests */,
				8CD108471C74589A00EF988F /* AlipayDemoUITests */,
			);
		};
/* End PBXProject section */

/* Begin PBXResourcesBuildPhase section */
		8CD1081F1C74589A00EF988F /* Resources */ = {
			isa = PBXResourcesBuildPhase;
			buildActionMask = 2147483647;
			files = (
				8CD108371C74589A00EF988F /* LaunchScreen.storyboard in Resources */,
				8CD108341C74589A00EF988F /* Assets.xcassets in Resources */,
				8CDB3FDB1C759E190012B7B4 /* AlipaySDK.bundle in Resources */,
				8CD1082F1C74589A00EF988F /* Main.storyboard in Resources */,
			);
			runOnlyForDeploymentPostprocessing = 0;
		};
		8CD1083B1C74589A00EF988F /* Resources */ = {
			isa = PBXResourcesBuildPhase;
			buildActionMask = 2147483647;
			files = (
			);
			runOnlyForDeploymentPostprocessing = 0;
		};
		8CD108461C74589A00EF988F /* Resources */ = {
			isa = PBXResourcesBuildPhase;
			buildActionMask = 2147483647;
			files = (
			);
			runOnlyForDeploymentPostprocessing = 0;
		};
/* End PBXResourcesBuildPhase section */

/* Begin PBXSourcesBuildPhase section */
		8CD1081D1C74589A00EF988F /* Sources */ = {
			isa = PBXSourcesBuildPhase;
			buildActionMask = 2147483647;
			files = (
				8CDB3FD91C759E190012B7B4 /* RSADataSigner.m in Sources */,
				8CDB3FD61C759E190012B7B4 /* MD5DataSigner.m in Sources */,
				8CDB3FD51C759E190012B7B4 /* DataVerifier.m in Sources */,
				39C1F0961CC487B800C9764D /* AppDelegate+Alipay.m in Sources */,
				8CDB3FD21C759E190012B7B4 /* Order.m in Sources */,
				8CDB3FD41C759E190012B7B4 /* DataSigner.m in Sources */,
				8CDB3FD71C759E190012B7B4 /* NSDataEx.m in Sources */,
				8CDB3FD11C759E190012B7B4 /* AlipayRequestConfig.m in Sources */,
				8CD108321C74589A00EF988F /* AlipayDemo.xcdatamodeld in Sources */,
				8CDB3FD31C759E190012B7B4 /* base64.m in Sources */,
				8CDB3FD81C759E190012B7B4 /* openssl_wrapper.m in Sources */,
				8CDB3FDA1C759E190012B7B4 /* RSADataVerifier.m in Sources */,
				8CD1082C1C74589A00EF988F /* ViewController.m in Sources */,
				8CD108291C74589A00EF988F /* AppDelegate.m in Sources */,
				8CD108261C74589A00EF988F /* main.m in Sources */,
			);
			runOnlyForDeploymentPostprocessing = 0;
		};
		8CD108391C74589A00EF988F /* Sources */ = {
			isa = PBXSourcesBuildPhase;
			buildActionMask = 2147483647;
			files = (
				8CD108421C74589A00EF988F /* AlipayDemoTests.m in Sources */,
			);
			runOnlyForDeploymentPostprocessing = 0;
		};
		8CD108441C74589A00EF988F /* Sources */ = {
			isa = PBXSourcesBuildPhase;
			buildActionMask = 2147483647;
			files = (
				8CD1084D1C74589A00EF988F /* AlipayDemoUITests.m in Sources */,
			);
			runOnlyForDeploymentPostprocessing = 0;
		};
/* End PBXSourcesBuildPhase section */

/* Begin PBXTargetDependency section */
		8CD1083F1C74589A00EF988F /* PBXTargetDependency */ = {
			isa = PBXTargetDependency;
			target = 8CD108201C74589A00EF988F /* AlipayDemo */;
			targetProxy = 8CD1083E1C74589A00EF988F /* PBXContainerItemProxy */;
		};
		8CD1084A1C74589A00EF988F /* PBXTargetDependency */ = {
			isa = PBXTargetDependency;
			target = 8CD108201C74589A00EF988F /* AlipayDemo */;
			targetProxy = 8CD108491C74589A00EF988F /* PBXContainerItemProxy */;
		};
/* End PBXTargetDependency section */

/* Begin PBXVariantGroup section */
		8CD1082D1C74589A00EF988F /* Main.storyboard */ = {
			isa = PBXVariantGroup;
			children = (
				8CD1082E1C74589A00EF988F /* Base */,
			);
			name = Main.storyboard;
			sourceTree = "<group>";
		};
		8CD108351C74589A00EF988F /* LaunchScreen.storyboard */ = {
			isa = PBXVariantGroup;
			children = (
				8CD108361C74589A00EF988F /* Base */,
			);
			name = LaunchScreen.storyboard;
			sourceTree = "<group>";
		};
/* End PBXVariantGroup section */

/* Begin XCBuildConfiguration section */
		8CD1084F1C74589A00EF988F /* Debug */ = {
			isa = XCBuildConfiguration;
			buildSettings = {
				ALWAYS_SEARCH_USER_PATHS = NO;
				CLANG_CXX_LANGUAGE_STANDARD = "gnu++0x";
				CLANG_CXX_LIBRARY = "libc++";
				CLANG_ENABLE_MODULES = YES;
				CLANG_ENABLE_OBJC_ARC = YES;
				CLANG_WARN_BOOL_CONVERSION = YES;
				CLANG_WARN_CONSTANT_CONVERSION = YES;
				CLANG_WARN_DIRECT_OBJC_ISA_USAGE = YES_ERROR;
				CLANG_WARN_EMPTY_BODY = YES;
				CLANG_WARN_ENUM_CONVERSION = YES;
				CLANG_WARN_INT_CONVERSION = YES;
				CLANG_WARN_OBJC_ROOT_CLASS = YES_ERROR;
				CLANG_WARN_UNREACHABLE_CODE = YES;
				CLANG_WARN__DUPLICATE_METHOD_MATCH = YES;
				"CODE_SIGN_IDENTITY[sdk=iphoneos*]" = "iPhone Developer";
				COPY_PHASE_STRIP = NO;
				DEBUG_INFORMATION_FORMAT = dwarf;
				ENABLE_STRICT_OBJC_MSGSEND = YES;
				ENABLE_TESTABILITY = YES;
				GCC_C_LANGUAGE_STANDARD = gnu99;
				GCC_DYNAMIC_NO_PIC = NO;
				GCC_NO_COMMON_BLOCKS = YES;
				GCC_OPTIMIZATION_LEVEL = 0;
				GCC_PREPROCESSOR_DEFINITIONS = (
					"DEBUG=1",
					"$(inherited)",
				);
				GCC_WARN_64_TO_32_BIT_CONVERSION = YES;
				GCC_WARN_ABOUT_RETURN_TYPE = YES_ERROR;
				GCC_WARN_UNDECLARED_SELECTOR = YES;
				GCC_WARN_UNINITIALIZED_AUTOS = YES_AGGRESSIVE;
				GCC_WARN_UNUSED_FUNCTION = YES;
				GCC_WARN_UNUSED_VARIABLE = YES;
				IPHONEOS_DEPLOYMENT_TARGET = 9.2;
				MTL_ENABLE_DEBUG_INFO = YES;
				ONLY_ACTIVE_ARCH = YES;
				SDKROOT = iphoneos;
			};
			name = Debug;
		};
		8CD108501C74589A00EF988F /* Release */ = {
			isa = XCBuildConfiguration;
			buildSettings = {
				ALWAYS_SEARCH_USER_PATHS = NO;
				CLANG_CXX_LANGUAGE_STANDARD = "gnu++0x";
				CLANG_CXX_LIBRARY = "libc++";
				CLANG_ENABLE_MODULES = YES;
				CLANG_ENABLE_OBJC_ARC = YES;
				CLANG_WARN_BOOL_CONVERSION = YES;
				CLANG_WARN_CONSTANT_CONVERSION = YES;
				CLANG_WARN_DIRECT_OBJC_ISA_USAGE = YES_ERROR;
				CLANG_WARN_EMPTY_BODY = YES;
				CLANG_WARN_ENUM_CONVERSION = YES;
				CLANG_WARN_INT_CONVERSION = YES;
				CLANG_WARN_OBJC_ROOT_CLASS = YES_ERROR;
				CLANG_WARN_UNREACHABLE_CODE = YES;
				CLANG_WARN__DUPLICATE_METHOD_MATCH = YES;
				"CODE_SIGN_IDENTITY[sdk=iphoneos*]" = "iPhone Developer";
				COPY_PHASE_STRIP = NO;
				DEBUG_INFORMATION_FORMAT = "dwarf-with-dsym";
				ENABLE_NS_ASSERTIONS = NO;
				ENABLE_STRICT_OBJC_MSGSEND = YES;
				GCC_C_LANGUAGE_STANDARD = gnu99;
				GCC_NO_COMMON_BLOCKS = YES;
				GCC_WARN_64_TO_32_BIT_CONVERSION = YES;
				GCC_WARN_ABOUT_RETURN_TYPE = YES_ERROR;
				GCC_WARN_UNDECLARED_SELECTOR = YES;
				GCC_WARN_UNINITIALIZED_AUTOS = YES_AGGRESSIVE;
				GCC_WARN_UNUSED_FUNCTION = YES;
				GCC_WARN_UNUSED_VARIABLE = YES;
				IPHONEOS_DEPLOYMENT_TARGET = 9.2;
				MTL_ENABLE_DEBUG_INFO = NO;
				SDKROOT = iphoneos;
				VALIDATE_PRODUCT = YES;
			};
			name = Release;
		};
		8CD108521C74589A00EF988F /* Debug */ = {
			isa = XCBuildConfiguration;
			buildSettings = {
				ASSETCATALOG_COMPILER_APPICON_NAME = AppIcon;
				FRAMEWORK_SEARCH_PATHS = (
					"$(inherited)",
					"$(PROJECT_DIR)/AlipayDemo/Alipay/AlipaySDK",
				);
				HEADER_SEARCH_PATHS = "$(PROJECT_DIR)/AlipayDemo/Alipay/AlipayFiles";
				INFOPLIST_FILE = AlipayDemo/Info.plist;
				LD_RUNPATH_SEARCH_PATHS = "$(inherited) @executable_path/Frameworks";
				LIBRARY_SEARCH_PATHS = (
					"$(inherited)",
					"$(PROJECT_DIR)/AlipayDemo/Alipay/AlipaySDK",
				);
				PRODUCT_BUNDLE_IDENTIFIER = com.intplus.AlipayDemo;
				PRODUCT_NAME = "$(TARGET_NAME)";
			};
			name = Debug;
		};
		8CD108531C74589A00EF988F /* Release */ = {
			isa = XCBuildConfiguration;
			buildSettings = {
				ASSETCATALOG_COMPILER_APPICON_NAME = AppIcon;
				FRAMEWORK_SEARCH_PATHS = (
					"$(inherited)",
					"$(PROJECT_DIR)/AlipayDemo/Alipay/AlipaySDK",
				);
				HEADER_SEARCH_PATHS = "$(PROJECT_DIR)/AlipayDemo/Alipay/AlipayFiles";
				INFOPLIST_FILE = AlipayDemo/Info.plist;
				LD_RUNPATH_SEARCH_PATHS = "$(inherited) @executable_path/Frameworks";
				LIBRARY_SEARCH_PATHS = (
					"$(inherited)",
					"$(PROJECT_DIR)/AlipayDemo/Alipay/AlipaySDK",
				);
				PRODUCT_BUNDLE_IDENTIFIER = com.intplus.AlipayDemo;
				PRODUCT_NAME = "$(TARGET_NAME)";
			};
			name = Release;
		};
		8CD108551C74589A00EF988F /* Debug */ = {
			isa = XCBuildConfiguration;
			buildSettings = {
				BUNDLE_LOADER = "$(TEST_HOST)";
				INFOPLIST_FILE = AlipayDemoTests/Info.plist;
				LD_RUNPATH_SEARCH_PATHS = "$(inherited) @executable_path/Frameworks @loader_path/Frameworks";
				PRODUCT_BUNDLE_IDENTIFIER = com.intplus.AlipayDemoTests;
				PRODUCT_NAME = "$(TARGET_NAME)";
				TEST_HOST = "$(BUILT_PRODUCTS_DIR)/AlipayDemo.app/AlipayDemo";
			};
			name = Debug;
		};
		8CD108561C74589A00EF988F /* Release */ = {
			isa = XCBuildConfiguration;
			buildSettings = {
				BUNDLE_LOADER = "$(TEST_HOST)";
				INFOPLIST_FILE = AlipayDemoTests/Info.plist;
				LD_RUNPATH_SEARCH_PATHS = "$(inherited) @executable_path/Frameworks @loader_path/Frameworks";
				PRODUCT_BUNDLE_IDENTIFIER = com.intplus.AlipayDemoTests;
				PRODUCT_NAME = "$(TARGET_NAME)";
				TEST_HOST = "$(BUILT_PRODUCTS_DIR)/AlipayDemo.app/AlipayDemo";
			};
			name = Release;
		};
		8CD108581C74589A00EF988F /* Debug */ = {
			isa = XCBuildConfiguration;
			buildSettings = {
				INFOPLIST_FILE = AlipayDemoUITests/Info.plist;
				LD_RUNPATH_SEARCH_PATHS = "$(inherited) @executable_path/Frameworks @loader_path/Frameworks";
				PRODUCT_BUNDLE_IDENTIFIER = com.intplus.AlipayDemoUITests;
				PRODUCT_NAME = "$(TARGET_NAME)";
				TEST_TARGET_NAME = AlipayDemo;
				USES_XCTRUNNER = YES;
			};
			name = Debug;
		};
		8CD108591C74589A00EF988F /* Release */ = {
			isa = XCBuildConfiguration;
			buildSettings = {
				INFOPLIST_FILE = AlipayDemoUITests/Info.plist;
				LD_RUNPATH_SEARCH_PATHS = "$(inherited) @executable_path/Frameworks @loader_path/Frameworks";
				PRODUCT_BUNDLE_IDENTIFIER = com.intplus.AlipayDemoUITests;
				PRODUCT_NAME = "$(TARGET_NAME)";
				TEST_TARGET_NAME = AlipayDemo;
				USES_XCTRUNNER = YES;
			};
			name = Release;
		};
/* End XCBuildConfiguration section */

/* Begin XCConfigurationList section */
		8CD1081C1C74589A00EF988F /* Build configuration list for PBXProject "AlipayDemo" */ = {
			isa = XCConfigurationList;
			buildConfigurations = (
				8CD1084F1C74589A00EF988F /* Debug */,
				8CD108501C74589A00EF988F /* Release */,
			);
			defaultConfigurationIsVisible = 0;
			defaultConfigurationName = Release;
		};
		8CD108511C74589A00EF988F /* Build configuration list for PBXNativeTarget "AlipayDemo" */ = {
			isa = XCConfigurationList;
			buildConfigurations = (
				8CD108521C74589A00EF988F /* Debug */,
				8CD108531C74589A00EF988F /* Release */,
			);
			defaultConfigurationIsVisible = 0;
			defaultConfigurationName = Release;
		};
		8CD108541C74589A00EF988F /* Build configuration list for PBXNativeTarget "AlipayDemoTests" */ = {
			isa = XCConfigurationList;
			buildConfigurations = (
				8CD108551C74589A00EF988F /* Debug */,
				8CD108561C74589A00EF988F /* Release */,
			);
			defaultConfigurationIsVisible = 0;
			defaultConfigurationName = Release;
		};
		8CD108571C74589A00EF988F /* Build configuration list for PBXNativeTarget "AlipayDemoUITests" */ = {
			isa = XCConfigurationList;
			buildConfigurations = (
				8CD108581C74589A00EF988F /* Debug */,
				8CD108591C74589A00EF988F /* Release */,
			);
			defaultConfigurationIsVisible = 0;
			defaultConfigurationName = Release;
		};
/* End XCConfigurationList section */

/* Begin XCVersionGroup section */
		8CD108301C74589A00EF988F /* AlipayDemo.xcdatamodeld */ = {
			isa = XCVersionGroup;
			children = (
				8CD108311C74589A00EF988F /* AlipayDemo.xcdatamodel */,
			);
			currentVersion = 8CD108311C74589A00EF988F /* AlipayDemo.xcdatamodel */;
			path = AlipayDemo.xcdatamodeld;
			sourceTree = "<group>";
			versionGroupType = wrapper.xcdatamodel;
		};
/* End XCVersionGroup section */
	};
	rootObject = 8CD108191C74589A00EF988F /* Project object */;
}
